{
    "version": 3,
    "terraform_version": "0.9.4",
    "serial": 19,
    "lineage": "7b04e7c7-bc67-4349-a254-10408674338f",
    "modules": [
        {
            "path": [
                "root"
            ],
            "outputs": {
                "InstanceIP": {
                    "sensitive": false,
                    "type": "string",
                    "value": "52.14.61.56"
                },
                "JenkinsURL": {
                    "sensitive": false,
                    "type": "string",
                    "value": "http://52.14.61.56:8080"
                }
            },
            "resources": {
                "aws_iam_instance_profile.jenkins_instance_profile": {
                    "type": "aws_iam_instance_profile",
                    "depends_on": [
                        "aws_iam_role.jenkins_role"
                    ],
                    "primary": {
                        "id": "jenkins-instance-profile",
                        "attributes": {
                            "arn": "arn:aws:iam::286937976732:instance-profile/jenkins-instance-profile",
                            "id": "jenkins-instance-profile",
                            "name": "jenkins-instance-profile",
                            "path": "/",
                            "role": "jenkins-role",
                            "roles.#": "1",
                            "roles.1607212610": "jenkins-role",
                            "unique_id": "AIPAJMR3OTNZKXL2KDA54"
                        },
                        "meta": {},
                        "tainted": false
                    },
                    "deposed": [],
                    "provider": ""
                },
                "aws_iam_policy.CloudWatchAccess": {
                    "type": "aws_iam_policy",
                    "depends_on": [],
                    "primary": {
                        "id": "arn:aws:iam::286937976732:policy/CloudWatchAccess-jenkins",
                        "attributes": {
                            "arn": "arn:aws:iam::286937976732:policy/CloudWatchAccess-jenkins",
                            "description": "CloudWatch Access",
                            "id": "arn:aws:iam::286937976732:policy/CloudWatchAccess-jenkins",
                            "name": "CloudWatchAccess-jenkins",
                            "path": "/",
                            "policy": "{\r\n    \"Version\": \"2012-10-17\",\r\n    \"Statement\": [\r\n        {\r\n            \"Effect\": \"Allow\",\r\n            \"Action\": [\r\n               \"cloudwatch:DeleteAlarms\",\r\n               \"cloudwatch:DescribeAlarmHistory\",\r\n               \"cloudwatch:DescribeAlarms\",\r\n               \"cloudwatch:DescribeAlarmsForMetric\",\r\n               \"cloudwatch:DisableAlarmActions\",\r\n               \"cloudwatch:EnableAlarmActions\",\r\n               \"cloudwatch:GetMetricData\",\r\n               \"cloudwatch:GetMetricStatistics\",\r\n               \"cloudwatch:ListMetrics\",\r\n               \"cloudwatch:PutMetricAlarm\",\r\n               \"cloudwatch:PutMetricData\",\r\n               \"cloudwatch:SetAlarmState\",\r\n               \"logs:CreateLogGroup\",\r\n               \"logs:CreateLogStream\",\r\n               \"logs:GetLogEvents\",\r\n               \"logs:PutLogEvents\",\r\n               \"logs:DescribeLogGroups\",\r\n               \"logs:DescribeLogStreams\",\r\n               \"logs:PutRetentionPolicy\",\r\n               \"ssm:*\",\r\n               \"ec2messages:AcknowledgeMessage\",\r\n               \"ec2messages:DeleteMessage\",\r\n               \"ec2messages:FailMessage\",\r\n               \"ec2messages:GetEndpoint\",\r\n               \"ec2messages:GetMessages\",\r\n               \"ec2messages:SendReply\",\r\n               \"lambda:*\"\r\n            ],\r\n            \"Resource\": [\r\n                \"*\"\r\n            ]\r\n        }\r\n    ]\r\n}\r\n"
                        },
                        "meta": {},
                        "tainted": false
                    },
                    "deposed": [],
                    "provider": ""
                },
                "aws_iam_policy_attachment.attach_cloudwatch": {
                    "type": "aws_iam_policy_attachment",
                    "depends_on": [
                        "aws_iam_policy.CloudWatchAccess",
                        "aws_iam_role.jenkins_role"
                    ],
                    "primary": {
                        "id": "jenkins-iam-attachment",
                        "attributes": {
                            "groups.#": "0",
                            "id": "jenkins-iam-attachment",
                            "name": "jenkins-iam-attachment",
                            "policy_arn": "arn:aws:iam::286937976732:policy/CloudWatchAccess-jenkins",
                            "roles.#": "1",
                            "roles.1607212610": "jenkins-role",
                            "users.#": "0"
                        },
                        "meta": {},
                        "tainted": false
                    },
                    "deposed": [],
                    "provider": ""
                },
                "aws_iam_role.jenkins_role": {
                    "type": "aws_iam_role",
                    "depends_on": [],
                    "primary": {
                        "id": "jenkins-role",
                        "attributes": {
                            "arn": "arn:aws:iam::286937976732:role/jenkins-role",
                            "assume_role_policy": "{\"Version\":\"2012-10-17\",\"Statement\":[{\"Sid\":\"\",\"Effect\":\"Allow\",\"Principal\":{\"Service\":[\"ec2.amazonaws.com\",\"ssm.amazonaws.com\"]},\"Action\":\"sts:AssumeRole\"}]}",
                            "create_date": "2017-05-12T20:36:14Z",
                            "id": "jenkins-role",
                            "name": "jenkins-role",
                            "path": "/",
                            "unique_id": "AROAJD77GRYQXLFWDIHC2"
                        },
                        "meta": {},
                        "tainted": false
                    },
                    "deposed": [],
                    "provider": ""
                },
                "aws_instance.jenkins": {
                    "type": "aws_instance",
                    "depends_on": [
                        "aws_iam_instance_profile.jenkins_instance_profile",
                        "aws_security_group.InvokeJenkins",
                        "data.template_file.user_data_script"
                    ],
                    "primary": {
                        "id": "i-0ff3da32207439c26",
                        "attributes": {
                            "ami": "ami-4191b524",
                            "associate_public_ip_address": "true",
                            "availability_zone": "us-east-2c",
                            "disable_api_termination": "false",
                            "ebs_block_device.#": "0",
                            "ebs_optimized": "false",
                            "ephemeral_block_device.#": "0",
                            "iam_instance_profile": "jenkins-instance-profile",
                            "id": "i-0ff3da32207439c26",
                            "instance_state": "running",
                            "instance_type": "m4.xlarge",
                            "ipv6_address_count": "0",
                            "ipv6_addresses.#": "0",
                            "key_name": "Mike-us-east-2-Test",
                            "monitoring": "false",
                            "network_interface.#": "0",
                            "network_interface_id": "eni-580f2615",
                            "primary_network_interface_id": "eni-580f2615",
                            "private_dns": "ip-172-31-36-51.us-east-2.compute.internal",
                            "private_ip": "172.31.36.51",
                            "public_dns": "ec2-52-14-61-56.us-east-2.compute.amazonaws.com",
                            "public_ip": "52.14.61.56",
                            "root_block_device.#": "1",
                            "root_block_device.0.delete_on_termination": "true",
                            "root_block_device.0.iops": "300",
                            "root_block_device.0.volume_size": "100",
                            "root_block_device.0.volume_type": "gp2",
                            "security_groups.#": "0",
                            "source_dest_check": "true",
                            "subnet_id": "subnet-9a83aad0",
                            "tags.%": "1",
                            "tags.Name": "Jenkins",
                            "tenancy": "default",
                            "user_data": "c211158b425f4008dec73780895d7156181f965b",
                            "volume_tags.%": "0",
                            "vpc_security_group_ids.#": "1",
                            "vpc_security_group_ids.844777339": "sg-6c782405"
                        },
                        "meta": {
                            "schema_version": "1"
                        },
                        "tainted": false
                    },
                    "deposed": [],
                    "provider": ""
                },
                "aws_security_group.InvokeJenkins": {
                    "type": "aws_security_group",
                    "depends_on": [],
                    "primary": {
                        "id": "sg-6c782405",
                        "attributes": {
                            "description": "Allow Jenkins inbound traffic",
                            "egress.#": "1",
                            "egress.482069346.cidr_blocks.#": "1",
                            "egress.482069346.cidr_blocks.0": "0.0.0.0/0",
                            "egress.482069346.from_port": "0",
                            "egress.482069346.ipv6_cidr_blocks.#": "0",
                            "egress.482069346.prefix_list_ids.#": "0",
                            "egress.482069346.protocol": "-1",
                            "egress.482069346.security_groups.#": "0",
                            "egress.482069346.self": "false",
                            "egress.482069346.to_port": "0",
                            "id": "sg-6c782405",
                            "ingress.#": "1",
                            "ingress.851199813.cidr_blocks.#": "1",
                            "ingress.851199813.cidr_blocks.0": "64.134.175.0/24",
                            "ingress.851199813.from_port": "22",
                            "ingress.851199813.ipv6_cidr_blocks.#": "0",
                            "ingress.851199813.protocol": "TCP",
                            "ingress.851199813.security_groups.#": "0",
                            "ingress.851199813.self": "false",
                            "ingress.851199813.to_port": "8080",
                            "name": "InvokeJenkins",
                            "owner_id": "286937976732",
                            "tags.%": "1",
                            "tags.Name": "allow_InvokeJenkins",
                            "vpc_id": "vpc-2e7f9747"
                        },
                        "meta": {},
                        "tainted": false
                    },
                    "deposed": [],
                    "provider": ""
                },
                "data.template_file.user_data_script": {
                    "type": "template_file",
                    "depends_on": [],
                    "primary": {
                        "id": "e9bffda599c4744773d233b13784f1b75f6b56b97f1c7e3d61c39ff023993d9f",
                        "attributes": {
                            "id": "e9bffda599c4744773d233b13784f1b75f6b56b97f1c7e3d61c39ff023993d9f",
                            "rendered": "#!/bin/bash\r\nsudo yum update -y\r\ncd /tmp\r\n\r\n# Next we'll install nginx to act as our reverse proxy and git because we'll need to checkout sources. We'll also install the Java JDK and configure the system to use it by default.\r\nsudo rpm -e java-1.7.0-openjdk-1.7.0.131-2.6.9.0.71.amzn1.x86_64\r\nsudo yum install -y git java-1.8.0-openjdk-devel aws-cli\r\n\r\n#sudo alternatives --config java\r\n\r\necho 'export JAVA_HOME=/usr/lib/jvm/jre-1.8.0-openjdk' | sudo tee -a /etc/profile\r\necho 'export JRE_HOME=/usr/lib/jvm/jre' | sudo tee -a /etc/profile\r\nsource /etc/profile\r\n\r\n# If you need apache maven to build Java sources you can install it as follows:\r\n#sudo wget http://repos.fedorapeople.org/repos/dchen/apache-maven/epel-apache-maven.repo -O /etc/yum.repos.d/epel-apache-maven.repo\r\n#sudo sed -i s/\\$releasever/6/g /etc/yum.repos.d/epel-apache-maven.repo\r\n#sudo yum install -y apache-maven\r\n#mvn –v\r\n\r\n\r\n# We'll need to add the Jenkins repository to available packages:\r\nsudo wget -O /etc/yum.repos.d/jenkins.repo http://pkg.jenkins-ci.org/redhat/jenkins.repo\r\nsudo rpm --import http://pkg.jenkins-ci.org/redhat/jenkins-ci.org.key\r\nsudo yum install jenkins -y\r\n\r\n\r\n# Let's start Jenkins up and make sure it starts every time we reboot:\r\nsudo service jenkins start\r\nsudo rpm -e java-1.7.0-openjdk-1.7.0.131-2.6.9.0.71.amzn1.x86_64\r\nsudo service jenkins restart\r\nsudo chkconfig --add jenkins\r\ninitialPW=$(sudo cat /var/lib/jenkins/secrets/IntialAdminPassword)\r\njava -jar jenkins-cli.jar -s http://localhost:8080 who-am-i --username admin --password $initialPW\r\n\r\n\r\n# OK. Jenkins is actually up and running at this point. We can verify this by accessing localhost on port 8080 with curl.\r\n#curl http://localhost:8080\r\n\r\n# Install Docker so we can run maven on the docker\r\nsudo yum install -y docker\r\nsudo service docker start\r\nsudo usermod -a -G docker ec2-user\r\n\r\n",
                            "template": "#!/bin/bash\r\nsudo yum update -y\r\ncd /tmp\r\n\r\n# Next we'll install nginx to act as our reverse proxy and git because we'll need to checkout sources. We'll also install the Java JDK and configure the system to use it by default.\r\nsudo rpm -e java-1.7.0-openjdk-1.7.0.131-2.6.9.0.71.amzn1.x86_64\r\nsudo yum install -y git java-1.8.0-openjdk-devel aws-cli\r\n\r\n#sudo alternatives --config java\r\n\r\necho 'export JAVA_HOME=/usr/lib/jvm/jre-1.8.0-openjdk' | sudo tee -a /etc/profile\r\necho 'export JRE_HOME=/usr/lib/jvm/jre' | sudo tee -a /etc/profile\r\nsource /etc/profile\r\n\r\n# If you need apache maven to build Java sources you can install it as follows:\r\n#sudo wget http://repos.fedorapeople.org/repos/dchen/apache-maven/epel-apache-maven.repo -O /etc/yum.repos.d/epel-apache-maven.repo\r\n#sudo sed -i s/\\$releasever/6/g /etc/yum.repos.d/epel-apache-maven.repo\r\n#sudo yum install -y apache-maven\r\n#mvn –v\r\n\r\n\r\n# We'll need to add the Jenkins repository to available packages:\r\nsudo wget -O /etc/yum.repos.d/jenkins.repo http://pkg.jenkins-ci.org/redhat/jenkins.repo\r\nsudo rpm --import http://pkg.jenkins-ci.org/redhat/jenkins-ci.org.key\r\nsudo yum install jenkins -y\r\n\r\n\r\n# Let's start Jenkins up and make sure it starts every time we reboot:\r\nsudo service jenkins start\r\nsudo rpm -e java-1.7.0-openjdk-1.7.0.131-2.6.9.0.71.amzn1.x86_64\r\nsudo service jenkins restart\r\nsudo chkconfig --add jenkins\r\ninitialPW=$(sudo cat /var/lib/jenkins/secrets/IntialAdminPassword)\r\njava -jar jenkins-cli.jar -s http://localhost:8080 who-am-i --username admin --password $initialPW\r\n\r\n\r\n# OK. Jenkins is actually up and running at this point. We can verify this by accessing localhost on port 8080 with curl.\r\n#curl http://localhost:8080\r\n\r\n# Install Docker so we can run maven on the docker\r\nsudo yum install -y docker\r\nsudo service docker start\r\nsudo usermod -a -G docker ec2-user\r\n\r\n"
                        },
                        "meta": {},
                        "tainted": false
                    },
                    "deposed": [],
                    "provider": ""
                }
            },
            "depends_on": []
        }
    ]
}
